
Microsoft Visual Studio Solution File, Format Version 12.00
Project("{FAE04EC0-301F-11D3-BF4B-00C04F79EFBC}") = "BocchiTheAPI", "BocchiTheAPI\BocchiTheAPI.csproj", "{9CDFD905-252E-4C06-942D-6FFC69241B93}"
EndProject
Project("{FAE04EC0-301F-11D3-BF4B-00C04F79EFBC}") = "BocchiTheAPI.Common", "BocchiTheAPI.Common\BocchiTheAPI.Common.csproj", "{E5B8DF05-23F2-408F-ABE8-A0BD28833E12}"
EndProject
Project("{FAE04EC0-301F-11D3-BF4B-00C04F79EFBC}") = "BocchiTheAPI.Quiz", "BocchiTheAPI.Quiz\BocchiTheAPI.Quiz.csproj", "{8A4E3C78-D83F-4DF7-AAED-3770A794AB11}"
EndProject
Project("{FAE04EC0-301F-11D3-BF4B-00C04F79EFBC}") = "Abstractions", "Surreal.Net\src\Abstractions\Abstractions.csproj", "{3DC13E30-3726-41E0-839F-2B94AFB73C89}"
EndProject
Project("{2150E333-8FDC-42A3-9474-1A3956D46DE8}") = "SurrealDB", "SurrealDB", "{6E1BF07B-FDAE-415A-9A2A-B3FC4EBCC8C6}"
EndProject
Project("{FAE04EC0-301F-11D3-BF4B-00C04F79EFBC}") = "Common", "Surreal.Net\src\Common\Common.csproj", "{CA0F5728-1D06-4C44-A355-31D36B29672F}"
EndProject
Project("{FAE04EC0-301F-11D3-BF4B-00C04F79EFBC}") = "Configuration", "Surreal.Net\src\Configuration\Configuration.csproj", "{602BD396-2E7C-4A80-B0C6-C4DC6B084CD7}"
EndProject
Project("{FAE04EC0-301F-11D3-BF4B-00C04F79EFBC}") = "Ws", "Surreal.Net\src\Ws\Ws.csproj", "{0D49D110-A8EC-4212-9324-7103A7DD83CF}"
EndProject
Project("{FAE04EC0-301F-11D3-BF4B-00C04F79EFBC}") = "Models", "Surreal.Net\src\Models\Models.csproj", "{9E30354E-C23B-4116-B6F4-BDCE66E52406}"
EndProject
Project("{FAE04EC0-301F-11D3-BF4B-00C04F79EFBC}") = "Json", "Surreal.Net\src\Json\Json.csproj", "{3755371F-A239-481F-B538-989FA958EC1E}"
EndProject
Project("{FAE04EC0-301F-11D3-BF4B-00C04F79EFBC}") = "Service", "Surreal.Net\src\Extensions\Service\Service.csproj", "{647E75C3-3927-47F7-9009-D2B8C03FB032}"
EndProject
Project("{FAE04EC0-301F-11D3-BF4B-00C04F79EFBC}") = "Rest", "Surreal.Net\src\Driver\Rest\Rest.csproj", "{03C13C8E-8FEB-4DF1-A1A1-610F53E3AB6B}"
EndProject
Project("{FAE04EC0-301F-11D3-BF4B-00C04F79EFBC}") = "Rpc", "Surreal.Net\src\Driver\Rpc\Rpc.csproj", "{45691732-7FF8-4CF7-8720-0ACDA1363625}"
EndProject
Global
	GlobalSection(SolutionConfigurationPlatforms) = preSolution
		Debug|Any CPU = Debug|Any CPU
		Release|Any CPU = Release|Any CPU
	EndGlobalSection
	GlobalSection(ProjectConfigurationPlatforms) = postSolution
		{9CDFD905-252E-4C06-942D-6FFC69241B93}.Debug|Any CPU.ActiveCfg = Debug|Any CPU
		{9CDFD905-252E-4C06-942D-6FFC69241B93}.Debug|Any CPU.Build.0 = Debug|Any CPU
		{9CDFD905-252E-4C06-942D-6FFC69241B93}.Release|Any CPU.ActiveCfg = Release|Any CPU
		{9CDFD905-252E-4C06-942D-6FFC69241B93}.Release|Any CPU.Build.0 = Release|Any CPU
		{E5B8DF05-23F2-408F-ABE8-A0BD28833E12}.Debug|Any CPU.ActiveCfg = Debug|Any CPU
		{E5B8DF05-23F2-408F-ABE8-A0BD28833E12}.Debug|Any CPU.Build.0 = Debug|Any CPU
		{E5B8DF05-23F2-408F-ABE8-A0BD28833E12}.Release|Any CPU.ActiveCfg = Release|Any CPU
		{E5B8DF05-23F2-408F-ABE8-A0BD28833E12}.Release|Any CPU.Build.0 = Release|Any CPU
		{8A4E3C78-D83F-4DF7-AAED-3770A794AB11}.Debug|Any CPU.ActiveCfg = Debug|Any CPU
		{8A4E3C78-D83F-4DF7-AAED-3770A794AB11}.Debug|Any CPU.Build.0 = Debug|Any CPU
		{8A4E3C78-D83F-4DF7-AAED-3770A794AB11}.Release|Any CPU.ActiveCfg = Release|Any CPU
		{8A4E3C78-D83F-4DF7-AAED-3770A794AB11}.Release|Any CPU.Build.0 = Release|Any CPU
		{3DC13E30-3726-41E0-839F-2B94AFB73C89}.Debug|Any CPU.ActiveCfg = Debug|Any CPU
		{3DC13E30-3726-41E0-839F-2B94AFB73C89}.Debug|Any CPU.Build.0 = Debug|Any CPU
		{3DC13E30-3726-41E0-839F-2B94AFB73C89}.Release|Any CPU.ActiveCfg = Release|Any CPU
		{3DC13E30-3726-41E0-839F-2B94AFB73C89}.Release|Any CPU.Build.0 = Release|Any CPU
		{CA0F5728-1D06-4C44-A355-31D36B29672F}.Debug|Any CPU.ActiveCfg = Debug|Any CPU
		{CA0F5728-1D06-4C44-A355-31D36B29672F}.Debug|Any CPU.Build.0 = Debug|Any CPU
		{CA0F5728-1D06-4C44-A355-31D36B29672F}.Release|Any CPU.ActiveCfg = Release|Any CPU
		{CA0F5728-1D06-4C44-A355-31D36B29672F}.Release|Any CPU.Build.0 = Release|Any CPU
		{602BD396-2E7C-4A80-B0C6-C4DC6B084CD7}.Debug|Any CPU.ActiveCfg = Debug|Any CPU
		{602BD396-2E7C-4A80-B0C6-C4DC6B084CD7}.Debug|Any CPU.Build.0 = Debug|Any CPU
		{602BD396-2E7C-4A80-B0C6-C4DC6B084CD7}.Release|Any CPU.ActiveCfg = Release|Any CPU
		{602BD396-2E7C-4A80-B0C6-C4DC6B084CD7}.Release|Any CPU.Build.0 = Release|Any CPU
		{0D49D110-A8EC-4212-9324-7103A7DD83CF}.Debug|Any CPU.ActiveCfg = Debug|Any CPU
		{0D49D110-A8EC-4212-9324-7103A7DD83CF}.Debug|Any CPU.Build.0 = Debug|Any CPU
		{0D49D110-A8EC-4212-9324-7103A7DD83CF}.Release|Any CPU.ActiveCfg = Release|Any CPU
		{0D49D110-A8EC-4212-9324-7103A7DD83CF}.Release|Any CPU.Build.0 = Release|Any CPU
		{9E30354E-C23B-4116-B6F4-BDCE66E52406}.Debug|Any CPU.ActiveCfg = Debug|Any CPU
		{9E30354E-C23B-4116-B6F4-BDCE66E52406}.Debug|Any CPU.Build.0 = Debug|Any CPU
		{9E30354E-C23B-4116-B6F4-BDCE66E52406}.Release|Any CPU.ActiveCfg = Release|Any CPU
		{9E30354E-C23B-4116-B6F4-BDCE66E52406}.Release|Any CPU.Build.0 = Release|Any CPU
		{3755371F-A239-481F-B538-989FA958EC1E}.Debug|Any CPU.ActiveCfg = Debug|Any CPU
		{3755371F-A239-481F-B538-989FA958EC1E}.Debug|Any CPU.Build.0 = Debug|Any CPU
		{3755371F-A239-481F-B538-989FA958EC1E}.Release|Any CPU.ActiveCfg = Release|Any CPU
		{3755371F-A239-481F-B538-989FA958EC1E}.Release|Any CPU.Build.0 = Release|Any CPU
		{647E75C3-3927-47F7-9009-D2B8C03FB032}.Debug|Any CPU.ActiveCfg = Debug|Any CPU
		{647E75C3-3927-47F7-9009-D2B8C03FB032}.Debug|Any CPU.Build.0 = Debug|Any CPU
		{647E75C3-3927-47F7-9009-D2B8C03FB032}.Release|Any CPU.ActiveCfg = Release|Any CPU
		{647E75C3-3927-47F7-9009-D2B8C03FB032}.Release|Any CPU.Build.0 = Release|Any CPU
		{03C13C8E-8FEB-4DF1-A1A1-610F53E3AB6B}.Debug|Any CPU.ActiveCfg = Debug|Any CPU
		{03C13C8E-8FEB-4DF1-A1A1-610F53E3AB6B}.Debug|Any CPU.Build.0 = Debug|Any CPU
		{03C13C8E-8FEB-4DF1-A1A1-610F53E3AB6B}.Release|Any CPU.ActiveCfg = Release|Any CPU
		{03C13C8E-8FEB-4DF1-A1A1-610F53E3AB6B}.Release|Any CPU.Build.0 = Release|Any CPU
		{45691732-7FF8-4CF7-8720-0ACDA1363625}.Debug|Any CPU.ActiveCfg = Debug|Any CPU
		{45691732-7FF8-4CF7-8720-0ACDA1363625}.Debug|Any CPU.Build.0 = Debug|Any CPU
		{45691732-7FF8-4CF7-8720-0ACDA1363625}.Release|Any CPU.ActiveCfg = Release|Any CPU
		{45691732-7FF8-4CF7-8720-0ACDA1363625}.Release|Any CPU.Build.0 = Release|Any CPU
	EndGlobalSection
	GlobalSection(NestedProjects) = preSolution
		{3DC13E30-3726-41E0-839F-2B94AFB73C89} = {6E1BF07B-FDAE-415A-9A2A-B3FC4EBCC8C6}
		{CA0F5728-1D06-4C44-A355-31D36B29672F} = {6E1BF07B-FDAE-415A-9A2A-B3FC4EBCC8C6}
		{602BD396-2E7C-4A80-B0C6-C4DC6B084CD7} = {6E1BF07B-FDAE-415A-9A2A-B3FC4EBCC8C6}
		{0D49D110-A8EC-4212-9324-7103A7DD83CF} = {6E1BF07B-FDAE-415A-9A2A-B3FC4EBCC8C6}
		{9E30354E-C23B-4116-B6F4-BDCE66E52406} = {6E1BF07B-FDAE-415A-9A2A-B3FC4EBCC8C6}
		{3755371F-A239-481F-B538-989FA958EC1E} = {6E1BF07B-FDAE-415A-9A2A-B3FC4EBCC8C6}
		{647E75C3-3927-47F7-9009-D2B8C03FB032} = {6E1BF07B-FDAE-415A-9A2A-B3FC4EBCC8C6}
		{03C13C8E-8FEB-4DF1-A1A1-610F53E3AB6B} = {6E1BF07B-FDAE-415A-9A2A-B3FC4EBCC8C6}
		{45691732-7FF8-4CF7-8720-0ACDA1363625} = {6E1BF07B-FDAE-415A-9A2A-B3FC4EBCC8C6}
	EndGlobalSection
EndGlobal
